
Microsoft Visual Studio Solution File, Format Version 12.00
# Visual Studio Version 17
VisualStudioVersion = 17.8.34330.188
MinimumVisualStudioVersion = 10.0.40219.1
Project("{FAE04EC0-301F-11D3-BF4B-00C04F79EFBC}") = "TIA_Extract", "TIA_Extract\TIA_Extract.csproj", "{71500644-66AC-4FB6-BBE7-5160762FE71F}"
EndProject
Global
	GlobalSection(SolutionConfigurationPlatforms) = preSolution
		Debug|Any CPU = Debug|Any CPU
		Release|Any CPU = Release|Any CPU
	EndGlobalSection
	GlobalSection(ProjectConfigurationPlatforms) = postSolution
		{71500644-66AC-4FB6-BBE7-5160762FE71F}.Debug|Any CPU.ActiveCfg = Debug|Any CPU
		{71500644-66AC-4FB6-BBE7-5160762FE71F}.Debug|Any CPU.Build.0 = Debug|Any CPU
		{71500644-66AC-4FB6-BBE7-5160762FE71F}.Release|Any CPU.ActiveCfg = Release|Any CPU
		{71500644-66AC-4FB6-BBE7-5160762FE71F}.Release|Any CPU.Build.0 = Release|Any CPU
	EndGlobalSection
	GlobalSection(SolutionProperties) = preSolution
		HideSolutionNode = FALSE
	EndGlobalSection
	GlobalSection(ExtensibilityGlobals) = postSolution
		SolutionGuid = {CD9D282C-4DB2-4BED-B3AF-764D13E51E78}
	EndGlobalSection
EndGlobal
